
Microsoft Visual Studio Solution File, Format Version 12.00
# Visual Studio 15
VisualStudioVersion = 15.0.28010.2036
MinimumVisualStudioVersion = 10.0.40219.1
Project("{8BC9CEB8-8B4A-11D0-8D11-00A0C91BC942}") = "ParticleCuda", "ParticleCuda\ParticleCuda.vcxproj", "{2A7E9729-0884-4928-900E-133DB0FA6778}"
EndProject
Global
	GlobalSection(SolutionConfigurationPlatforms) = preSolution
		Debug|x64 = Debug|x64
		Release|x64 = Release|x64
	EndGlobalSection
	GlobalSection(ProjectConfigurationPlatforms) = postSolution
		{2A7E9729-0884-4928-900E-133DB0FA6778}.Debug|x64.ActiveCfg = Debug|x64
		{2A7E9729-0884-4928-900E-133DB0FA6778}.Debug|x64.Build.0 = Debug|x64
		{2A7E9729-0884-4928-900E-133DB0FA6778}.Release|x64.ActiveCfg = Release|x64
		{2A7E9729-0884-4928-900E-133DB0FA6778}.Release|x64.Build.0 = Release|x64
	EndGlobalSection
	GlobalSection(SolutionProperties) = preSolution
		HideSolutionNode = FALSE
	EndGlobalSection
	GlobalSection(ExtensibilityGlobals) = postSolution
		SolutionGuid = {4E7CF5C4-9B65-4CCF-AB24-D485ADBCC34C}
	EndGlobalSection
EndGlobal
